// !$*UTF8*$!
{
	archiveVersion = 1;
	classes = {
	};
	objectVersion = 51;
	objects = {

/* Begin PBXBuildFile section */
		368D377F29EFE51550D79473 /* Pods_nalul_iOS.framework in Frameworks */ = {isa = PBXBuildFile; fileRef = C940BE09C2D43205D19FB522 /* Pods_nalul_iOS.framework */; };
		9BD2B49125692F6500C4106D /* AppDelegate.swift in Sources */ = {isa = PBXBuildFile; fileRef = 9BD2B49025692F6500C4106D /* AppDelegate.swift */; };
		9BD2B49325692F6500C4106D /* SceneDelegate.swift in Sources */ = {isa = PBXBuildFile; fileRef = 9BD2B49225692F6500C4106D /* SceneDelegate.swift */; };
		9BD2B49525692F6500C4106D /* ViewController.swift in Sources */ = {isa = PBXBuildFile; fileRef = 9BD2B49425692F6500C4106D /* ViewController.swift */; };
		9BD2B49825692F6500C4106D /* Main.storyboard in Resources */ = {isa = PBXBuildFile; fileRef = 9BD2B49625692F6500C4106D /* Main.storyboard */; };
		9BD2B49A25692F6800C4106D /* Assets.xcassets in Resources */ = {isa = PBXBuildFile; fileRef = 9BD2B49925692F6800C4106D /* Assets.xcassets */; };
		9BD2B49D25692F6800C4106D /* LaunchScreen.storyboard in Resources */ = {isa = PBXBuildFile; fileRef = 9BD2B49B25692F6800C4106D /* LaunchScreen.storyboard */; };
		9BD2B4BE25693A5C00C4106D /* NotoSansCJKkr-Light.otf in Resources */ = {isa = PBXBuildFile; fileRef = 9BD2B4BB25693A5C00C4106D /* NotoSansCJKkr-Light.otf */; };
		9BD2B4BF25693A5C00C4106D /* NotoSansCJKkr-Regular.otf in Resources */ = {isa = PBXBuildFile; fileRef = 9BD2B4BC25693A5C00C4106D /* NotoSansCJKkr-Regular.otf */; };
		9BD2B4C025693A5C00C4106D /* NotoSansCJKkr-Bold.otf in Resources */ = {isa = PBXBuildFile; fileRef = 9BD2B4BD25693A5C00C4106D /* NotoSansCJKkr-Bold.otf */; };
		9BD2B4C3256956ED00C4106D /* APIConstants.swift in Sources */ = {isa = PBXBuildFile; fileRef = 9BD2B4C2256956ED00C4106D /* APIConstants.swift */; };
		9BD2B4C62569588000C4106D /* NetworkResult.swift in Sources */ = {isa = PBXBuildFile; fileRef = 9BD2B4C52569588000C4106D /* NetworkResult.swift */; };
		9BD2B4C92569599600C4106D /* EmptyCell.swift in Sources */ = {isa = PBXBuildFile; fileRef = 9BD2B4C82569599600C4106D /* EmptyCell.swift */; };
		9BD2B4CC256959A100C4106D /* EmptyView.swift in Sources */ = {isa = PBXBuildFile; fileRef = 9BD2B4CB256959A100C4106D /* EmptyView.swift */; };
		9BD2B4CF256959B000C4106D /* EmptyModel.swift in Sources */ = {isa = PBXBuildFile; fileRef = 9BD2B4CE256959B000C4106D /* EmptyModel.swift */; };
		9BD2B4D2256959C300C4106D /* EmptyExtension.swift in Sources */ = {isa = PBXBuildFile; fileRef = 9BD2B4D1256959C300C4106D /* EmptyExtension.swift */; };
		9BD2B4D525695A9900C4106D /* CustomLaunchScreen.storyboard in Resources */ = {isa = PBXBuildFile; fileRef = 9BD2B4D425695A9900C4106D /* CustomLaunchScreen.storyboard */; };
		9BD2B4D825695B0F00C4106D /* OnBoarding.storyboard in Resources */ = {isa = PBXBuildFile; fileRef = 9BD2B4D725695B0F00C4106D /* OnBoarding.storyboard */; };
		9BD2B4DB25695B5B00C4106D /* Detail.storyboard in Resources */ = {isa = PBXBuildFile; fileRef = 9BD2B4DA25695B5B00C4106D /* Detail.storyboard */; };
		9BD2B4DF25695B7A00C4106D /* Write.storyboard in Resources */ = {isa = PBXBuildFile; fileRef = 9BD2B4DE25695B7A00C4106D /* Write.storyboard */; };
		AB5EDBCC256970DA00E36E93 /* HistoryVC.swift in Sources */ = {isa = PBXBuildFile; fileRef = AB5EDBCB256970DA00E36E93 /* HistoryVC.swift */; };
/* End PBXBuildFile section */

/* Begin PBXFileReference section */
		1DD38D531E1EC0F4410568AC /* Pods-nalul_iOS.release.xcconfig */ = {isa = PBXFileReference; includeInIndex = 1; lastKnownFileType = text.xcconfig; name = "Pods-nalul_iOS.release.xcconfig"; path = "Target Support Files/Pods-nalul_iOS/Pods-nalul_iOS.release.xcconfig"; sourceTree = "<group>"; };
		70C8455682FABF1B11F2F60E /* Pods-nalul_iOS.debug.xcconfig */ = {isa = PBXFileReference; includeInIndex = 1; lastKnownFileType = text.xcconfig; name = "Pods-nalul_iOS.debug.xcconfig"; path = "Target Support Files/Pods-nalul_iOS/Pods-nalul_iOS.debug.xcconfig"; sourceTree = "<group>"; };
		9BD2B48D25692F6500C4106D /* nalul_iOS.app */ = {isa = PBXFileReference; explicitFileType = wrapper.application; includeInIndex = 0; path = nalul_iOS.app; sourceTree = BUILT_PRODUCTS_DIR; };
		9BD2B49025692F6500C4106D /* AppDelegate.swift */ = {isa = PBXFileReference; lastKnownFileType = sourcecode.swift; path = AppDelegate.swift; sourceTree = "<group>"; };
		9BD2B49225692F6500C4106D /* SceneDelegate.swift */ = {isa = PBXFileReference; lastKnownFileType = sourcecode.swift; path = SceneDelegate.swift; sourceTree = "<group>"; };
		9BD2B49425692F6500C4106D /* ViewController.swift */ = {isa = PBXFileReference; lastKnownFileType = sourcecode.swift; path = ViewController.swift; sourceTree = "<group>"; };
		9BD2B49725692F6500C4106D /* Base */ = {isa = PBXFileReference; lastKnownFileType = file.storyboard; name = Base; path = Base.lproj/Main.storyboard; sourceTree = "<group>"; };
		9BD2B49925692F6800C4106D /* Assets.xcassets */ = {isa = PBXFileReference; lastKnownFileType = folder.assetcatalog; path = Assets.xcassets; sourceTree = "<group>"; };
		9BD2B49C25692F6800C4106D /* Base */ = {isa = PBXFileReference; lastKnownFileType = file.storyboard; name = Base; path = Base.lproj/LaunchScreen.storyboard; sourceTree = "<group>"; };
		9BD2B49E25692F6800C4106D /* Info.plist */ = {isa = PBXFileReference; lastKnownFileType = text.plist.xml; path = Info.plist; sourceTree = "<group>"; };
		9BD2B4BB25693A5C00C4106D /* NotoSansCJKkr-Light.otf */ = {isa = PBXFileReference; lastKnownFileType = file; path = "NotoSansCJKkr-Light.otf"; sourceTree = "<group>"; };
		9BD2B4BC25693A5C00C4106D /* NotoSansCJKkr-Regular.otf */ = {isa = PBXFileReference; lastKnownFileType = file; path = "NotoSansCJKkr-Regular.otf"; sourceTree = "<group>"; };
		9BD2B4BD25693A5C00C4106D /* NotoSansCJKkr-Bold.otf */ = {isa = PBXFileReference; lastKnownFileType = file; path = "NotoSansCJKkr-Bold.otf"; sourceTree = "<group>"; };
		9BD2B4C2256956ED00C4106D /* APIConstants.swift */ = {isa = PBXFileReference; lastKnownFileType = sourcecode.swift; path = APIConstants.swift; sourceTree = "<group>"; };
		9BD2B4C52569588000C4106D /* NetworkResult.swift */ = {isa = PBXFileReference; lastKnownFileType = sourcecode.swift; path = NetworkResult.swift; sourceTree = "<group>"; };
		9BD2B4C82569599600C4106D /* EmptyCell.swift */ = {isa = PBXFileReference; lastKnownFileType = sourcecode.swift; path = EmptyCell.swift; sourceTree = "<group>"; };
		9BD2B4CB256959A100C4106D /* EmptyView.swift */ = {isa = PBXFileReference; lastKnownFileType = sourcecode.swift; path = EmptyView.swift; sourceTree = "<group>"; };
		9BD2B4CE256959B000C4106D /* EmptyModel.swift */ = {isa = PBXFileReference; lastKnownFileType = sourcecode.swift; path = EmptyModel.swift; sourceTree = "<group>"; };
		9BD2B4D1256959C300C4106D /* EmptyExtension.swift */ = {isa = PBXFileReference; lastKnownFileType = sourcecode.swift; path = EmptyExtension.swift; sourceTree = "<group>"; };
		9BD2B4D425695A9900C4106D /* CustomLaunchScreen.storyboard */ = {isa = PBXFileReference; lastKnownFileType = file.storyboard; path = CustomLaunchScreen.storyboard; sourceTree = "<group>"; };
		9BD2B4D725695B0F00C4106D /* OnBoarding.storyboard */ = {isa = PBXFileReference; lastKnownFileType = file.storyboard; path = OnBoarding.storyboard; sourceTree = "<group>"; };
		9BD2B4DA25695B5B00C4106D /* Detail.storyboard */ = {isa = PBXFileReference; lastKnownFileType = file.storyboard; path = Detail.storyboard; sourceTree = "<group>"; };
		9BD2B4DE25695B7A00C4106D /* Write.storyboard */ = {isa = PBXFileReference; lastKnownFileType = file.storyboard; path = Write.storyboard; sourceTree = "<group>"; };
		AB5EDBCB256970DA00E36E93 /* HistoryVC.swift */ = {isa = PBXFileReference; lastKnownFileType = sourcecode.swift; path = HistoryVC.swift; sourceTree = "<group>"; };
		C940BE09C2D43205D19FB522 /* Pods_nalul_iOS.framework */ = {isa = PBXFileReference; explicitFileType = wrapper.framework; includeInIndex = 0; path = Pods_nalul_iOS.framework; sourceTree = BUILT_PRODUCTS_DIR; };
/* End PBXFileReference section */

/* Begin PBXFrameworksBuildPhase section */
		9BD2B48A25692F6500C4106D /* Frameworks */ = {
			isa = PBXFrameworksBuildPhase;
			buildActionMask = 2147483647;
			files = (
				368D377F29EFE51550D79473 /* Pods_nalul_iOS.framework in Frameworks */,
			);
			runOnlyForDeploymentPostprocessing = 0;
		};
/* End PBXFrameworksBuildPhase section */

/* Begin PBXGroup section */
		87FD73489F28C85EFAEDA8C1 /* Frameworks */ = {
			isa = PBXGroup;
			children = (
				C940BE09C2D43205D19FB522 /* Pods_nalul_iOS.framework */,
			);
			name = Frameworks;
			sourceTree = "<group>";
		};
		9AB8B3BBC3036A8358A7622D /* Pods */ = {
			isa = PBXGroup;
			children = (
				70C8455682FABF1B11F2F60E /* Pods-nalul_iOS.debug.xcconfig */,
				1DD38D531E1EC0F4410568AC /* Pods-nalul_iOS.release.xcconfig */,
			);
			path = Pods;
			sourceTree = "<group>";
		};
		9BD2B48425692F6500C4106D = {
			isa = PBXGroup;
			children = (
				9BD2B48F25692F6500C4106D /* nalul_iOS */,
				9BD2B48E25692F6500C4106D /* Products */,
				9AB8B3BBC3036A8358A7622D /* Pods */,
				87FD73489F28C85EFAEDA8C1 /* Frameworks */,
			);
			sourceTree = "<group>";
		};
		9BD2B48E25692F6500C4106D /* Products */ = {
			isa = PBXGroup;
			children = (
				9BD2B48D25692F6500C4106D /* nalul_iOS.app */,
			);
			name = Products;
			sourceTree = "<group>";
		};
		9BD2B48F25692F6500C4106D /* nalul_iOS */ = {
			isa = PBXGroup;
			children = (
				9BD2B4AA2569319400C4106D /* Source */,
				9BD2B4A92569318D00C4106D /* Resource */,
				9BD2B4A82569316200C4106D /* Surpporting File */,
			);
			path = nalul_iOS;
			sourceTree = "<group>";
		};
		9BD2B4A82569316200C4106D /* Surpporting File */ = {
			isa = PBXGroup;
			children = (
				9BD2B49E25692F6800C4106D /* Info.plist */,
				9BD2B49025692F6500C4106D /* AppDelegate.swift */,
				9BD2B49225692F6500C4106D /* SceneDelegate.swift */,
			);
			path = "Surpporting File";
			sourceTree = "<group>";
		};
		9BD2B4A92569318D00C4106D /* Resource */ = {
			isa = PBXGroup;
			children = (
				9BD2B49925692F6800C4106D /* Assets.xcassets */,
				9BD2B4BD25693A5C00C4106D /* NotoSansCJKkr-Bold.otf */,
				9BD2B4BB25693A5C00C4106D /* NotoSansCJKkr-Light.otf */,
				9BD2B4BC25693A5C00C4106D /* NotoSansCJKkr-Regular.otf */,
				9BD2B4B12569321300C4106D /* StoryBoards */,
			);
			path = Resource;
			sourceTree = "<group>";
		};
		9BD2B4AA2569319400C4106D /* Source */ = {
			isa = PBXGroup;
			children = (
				9BD2B4B0256931BC00C4106D /* Service */,
				9BD2B4AF256931B600C4106D /* Model */,
				9BD2B4AE256931B000C4106D /* Extension */,
				9BD2B4AD256931A600C4106D /* View */,
				9BD2B4AC256931A300C4106D /* Cell */,
				9BD2B4AB2569319E00C4106D /* ViewController */,
			);
			path = Source;
			sourceTree = "<group>";
		};
		9BD2B4AB2569319E00C4106D /* ViewController */ = {
			isa = PBXGroup;
			children = (
				9BD2B49425692F6500C4106D /* ViewController.swift */,
				AB5EDBCB256970DA00E36E93 /* HistoryVC.swift */,
			);
			path = ViewController;
			sourceTree = "<group>";
		};
		9BD2B4AC256931A300C4106D /* Cell */ = {
			isa = PBXGroup;
			children = (
				9BD2B4C82569599600C4106D /* EmptyCell.swift */,
			);
			path = Cell;
			sourceTree = "<group>";
		};
		9BD2B4AD256931A600C4106D /* View */ = {
			isa = PBXGroup;
			children = (
				9BD2B4CB256959A100C4106D /* EmptyView.swift */,
			);
			path = View;
			sourceTree = "<group>";
		};
		9BD2B4AE256931B000C4106D /* Extension */ = {
			isa = PBXGroup;
			children = (
				9BD2B4D1256959C300C4106D /* EmptyExtension.swift */,
			);
			path = Extension;
			sourceTree = "<group>";
		};
		9BD2B4AF256931B600C4106D /* Model */ = {
			isa = PBXGroup;
			children = (
				9BD2B4CE256959B000C4106D /* EmptyModel.swift */,
			);
			path = Model;
			sourceTree = "<group>";
		};
		9BD2B4B0256931BC00C4106D /* Service */ = {
			isa = PBXGroup;
			children = (
				9BD2B4C2256956ED00C4106D /* APIConstants.swift */,
				9BD2B4C52569588000C4106D /* NetworkResult.swift */,
			);
			path = Service;
			sourceTree = "<group>";
		};
		9BD2B4B12569321300C4106D /* StoryBoards */ = {
			isa = PBXGroup;
			children = (
				9BD2B49B25692F6800C4106D /* LaunchScreen.storyboard */,
				9BD2B49625692F6500C4106D /* Main.storyboard */,
				9BD2B4D425695A9900C4106D /* CustomLaunchScreen.storyboard */,
				9BD2B4D725695B0F00C4106D /* OnBoarding.storyboard */,
				9BD2B4DA25695B5B00C4106D /* Detail.storyboard */,
				9BD2B4DE25695B7A00C4106D /* Write.storyboard */,
			);
			path = StoryBoards;
			sourceTree = "<group>";
		};
/* End PBXGroup section */

/* Begin PBXNativeTarget section */
		9BD2B48C25692F6500C4106D /* nalul_iOS */ = {
			isa = PBXNativeTarget;
			buildConfigurationList = 9BD2B4A125692F6800C4106D /* Build configuration list for PBXNativeTarget "nalul_iOS" */;
			buildPhases = (
				722850BECDD69B5644915B84 /* [CP] Check Pods Manifest.lock */,
				9BD2B48925692F6500C4106D /* Sources */,
				9BD2B48A25692F6500C4106D /* Frameworks */,
				9BD2B48B25692F6500C4106D /* Resources */,
				03F5AA838906BE33CC01E7E9 /* [CP] Embed Pods Frameworks */,
			);
			buildRules = (
			);
			dependencies = (
			);
			name = nalul_iOS;
			productName = nalul_iOS;
			productReference = 9BD2B48D25692F6500C4106D /* nalul_iOS.app */;
			productType = "com.apple.product-type.application";
		};
/* End PBXNativeTarget section */

/* Begin PBXProject section */
		9BD2B48525692F6500C4106D /* Project object */ = {
			isa = PBXProject;
			attributes = {
				LastSwiftUpdateCheck = 1220;
				LastUpgradeCheck = 1220;
				TargetAttributes = {
					9BD2B48C25692F6500C4106D = {
						CreatedOnToolsVersion = 12.2;
					};
				};
			};
			buildConfigurationList = 9BD2B48825692F6500C4106D /* Build configuration list for PBXProject "nalul_iOS" */;
			compatibilityVersion = "Xcode 9.3";
			developmentRegion = en;
			hasScannedForEncodings = 0;
			knownRegions = (
				en,
				Base,
			);
			mainGroup = 9BD2B48425692F6500C4106D;
			productRefGroup = 9BD2B48E25692F6500C4106D /* Products */;
			projectDirPath = "";
			projectRoot = "";
			targets = (
				9BD2B48C25692F6500C4106D /* nalul_iOS */,
			);
		};
/* End PBXProject section */

/* Begin PBXResourcesBuildPhase section */
		9BD2B48B25692F6500C4106D /* Resources */ = {
			isa = PBXResourcesBuildPhase;
			buildActionMask = 2147483647;
			files = (
				9BD2B4BF25693A5C00C4106D /* NotoSansCJKkr-Regular.otf in Resources */,
				9BD2B49D25692F6800C4106D /* LaunchScreen.storyboard in Resources */,
				9BD2B4DB25695B5B00C4106D /* Detail.storyboard in Resources */,
				9BD2B4D525695A9900C4106D /* CustomLaunchScreen.storyboard in Resources */,
				9BD2B4BE25693A5C00C4106D /* NotoSansCJKkr-Light.otf in Resources */,
				9BD2B49A25692F6800C4106D /* Assets.xcassets in Resources */,
				9BD2B4DF25695B7A00C4106D /* Write.storyboard in Resources */,
				9BD2B49825692F6500C4106D /* Main.storyboard in Resources */,
				9BD2B4C025693A5C00C4106D /* NotoSansCJKkr-Bold.otf in Resources */,
				9BD2B4D825695B0F00C4106D /* OnBoarding.storyboard in Resources */,
			);
			runOnlyForDeploymentPostprocessing = 0;
		};
/* End PBXResourcesBuildPhase section */

/* Begin PBXShellScriptBuildPhase section */
		03F5AA838906BE33CC01E7E9 /* [CP] Embed Pods Frameworks */ = {
			isa = PBXShellScriptBuildPhase;
			buildActionMask = 2147483647;
			files = (
			);
			inputFileListPaths = (
				"${PODS_ROOT}/Target Support Files/Pods-nalul_iOS/Pods-nalul_iOS-frameworks-${CONFIGURATION}-input-files.xcfilelist",
			);
			name = "[CP] Embed Pods Frameworks";
			outputFileListPaths = (
				"${PODS_ROOT}/Target Support Files/Pods-nalul_iOS/Pods-nalul_iOS-frameworks-${CONFIGURATION}-output-files.xcfilelist",
			);
			runOnlyForDeploymentPostprocessing = 0;
			shellPath = /bin/sh;
			shellScript = "\"${PODS_ROOT}/Target Support Files/Pods-nalul_iOS/Pods-nalul_iOS-frameworks.sh\"\n";
			showEnvVarsInLog = 0;
		};
		722850BECDD69B5644915B84 /* [CP] Check Pods Manifest.lock */ = {
			isa = PBXShellScriptBuildPhase;
			buildActionMask = 2147483647;
			files = (
			);
			inputFileListPaths = (
			);
			inputPaths = (
				"${PODS_PODFILE_DIR_PATH}/Podfile.lock",
				"${PODS_ROOT}/Manifest.lock",
			);
			name = "[CP] Check Pods Manifest.lock";
			outputFileListPaths = (
			);
			outputPaths = (
				"$(DERIVED_FILE_DIR)/Pods-nalul_iOS-checkManifestLockResult.txt",
			);
			runOnlyForDeploymentPostprocessing = 0;
			shellPath = /bin/sh;
			shellScript = "diff \"${PODS_PODFILE_DIR_PATH}/Podfile.lock\" \"${PODS_ROOT}/Manifest.lock\" > /dev/null\nif [ $? != 0 ] ; then\n    # print error to STDERR\n    echo \"error: The sandbox is not in sync with the Podfile.lock. Run 'pod install' or update your CocoaPods installation.\" >&2\n    exit 1\nfi\n# This output is used by Xcode 'outputs' to avoid re-running this script phase.\necho \"SUCCESS\" > \"${SCRIPT_OUTPUT_FILE_0}\"\n";
			showEnvVarsInLog = 0;
		};
/* End PBXShellScriptBuildPhase section */

/* Begin PBXSourcesBuildPhase section */
		9BD2B48925692F6500C4106D /* Sources */ = {
			isa = PBXSourcesBuildPhase;
			buildActionMask = 2147483647;
			files = (
				9BD2B4C3256956ED00C4106D /* APIConstants.swift in Sources */,
				9BD2B4C62569588000C4106D /* NetworkResult.swift in Sources */,
				9BD2B49525692F6500C4106D /* ViewController.swift in Sources */,
				9BD2B4CF256959B000C4106D /* EmptyModel.swift in Sources */,
				9BD2B49125692F6500C4106D /* AppDelegate.swift in Sources */,
				AB5EDBCC256970DA00E36E93 /* HistoryVC.swift in Sources */,
				9BD2B49325692F6500C4106D /* SceneDelegate.swift in Sources */,
				9BD2B4CC256959A100C4106D /* EmptyView.swift in Sources */,
				9BD2B4D2256959C300C4106D /* EmptyExtension.swift in Sources */,
				9BD2B4C92569599600C4106D /* EmptyCell.swift in Sources */,
			);
			runOnlyForDeploymentPostprocessing = 0;
		};
/* End PBXSourcesBuildPhase section */

/* Begin PBXVariantGroup section */
		9BD2B49625692F6500C4106D /* Main.storyboard */ = {
			isa = PBXVariantGroup;
			children = (
				9BD2B49725692F6500C4106D /* Base */,
			);
			name = Main.storyboard;
			sourceTree = "<group>";
		};
		9BD2B49B25692F6800C4106D /* LaunchScreen.storyboard */ = {
			isa = PBXVariantGroup;
			children = (
				9BD2B49C25692F6800C4106D /* Base */,
			);
			name = LaunchScreen.storyboard;
			sourceTree = "<group>";
		};
/* End PBXVariantGroup section */

/* Begin XCBuildConfiguration section */
		9BD2B49F25692F6800C4106D /* Debug */ = {
			isa = XCBuildConfiguration;
			buildSettings = {
				ALWAYS_SEARCH_USER_PATHS = NO;
				CLANG_ANALYZER_NONNULL = YES;
				CLANG_ANALYZER_NUMBER_OBJECT_CONVERSION = YES_AGGRESSIVE;
				CLANG_CXX_LANGUAGE_STANDARD = "gnu++14";
				CLANG_CXX_LIBRARY = "libc++";
				CLANG_ENABLE_MODULES = YES;
				CLANG_ENABLE_OBJC_ARC = YES;
				CLANG_ENABLE_OBJC_WEAK = YES;
				CLANG_WARN_BLOCK_CAPTURE_AUTORELEASING = YES;
				CLANG_WARN_BOOL_CONVERSION = YES;
				CLANG_WARN_COMMA = YES;
				CLANG_WARN_CONSTANT_CONVERSION = YES;
				CLANG_WARN_DEPRECATED_OBJC_IMPLEMENTATIONS = YES;
				CLANG_WARN_DIRECT_OBJC_ISA_USAGE = YES_ERROR;
				CLANG_WARN_DOCUMENTATION_COMMENTS = YES;
				CLANG_WARN_EMPTY_BODY = YES;
				CLANG_WARN_ENUM_CONVERSION = YES;
				CLANG_WARN_INFINITE_RECURSION = YES;
				CLANG_WARN_INT_CONVERSION = YES;
				CLANG_WARN_NON_LITERAL_NULL_CONVERSION = YES;
				CLANG_WARN_OBJC_IMPLICIT_RETAIN_SELF = YES;
				CLANG_WARN_OBJC_LITERAL_CONVERSION = YES;
				CLANG_WARN_OBJC_ROOT_CLASS = YES_ERROR;
				CLANG_WARN_QUOTED_INCLUDE_IN_FRAMEWORK_HEADER = YES;
				CLANG_WARN_RANGE_LOOP_ANALYSIS = YES;
				CLANG_WARN_STRICT_PROTOTYPES = YES;
				CLANG_WARN_SUSPICIOUS_MOVE = YES;
				CLANG_WARN_UNGUARDED_AVAILABILITY = YES_AGGRESSIVE;
				CLANG_WARN_UNREACHABLE_CODE = YES;
				CLANG_WARN__DUPLICATE_METHOD_MATCH = YES;
				COPY_PHASE_STRIP = NO;
				DEBUG_INFORMATION_FORMAT = dwarf;
				ENABLE_STRICT_OBJC_MSGSEND = YES;
				ENABLE_TESTABILITY = YES;
				GCC_C_LANGUAGE_STANDARD = gnu11;
				GCC_DYNAMIC_NO_PIC = NO;
				GCC_NO_COMMON_BLOCKS = YES;
				GCC_OPTIMIZATION_LEVEL = 0;
				GCC_PREPROCESSOR_DEFINITIONS = (
					"DEBUG=1",
					"$(inherited)",
				);
				GCC_WARN_64_TO_32_BIT_CONVERSION = YES;
				GCC_WARN_ABOUT_RETURN_TYPE = YES_ERROR;
				GCC_WARN_UNDECLARED_SELECTOR = YES;
				GCC_WARN_UNINITIALIZED_AUTOS = YES_AGGRESSIVE;
				GCC_WARN_UNUSED_FUNCTION = YES;
				GCC_WARN_UNUSED_VARIABLE = YES;
				IPHONEOS_DEPLOYMENT_TARGET = 14.2;
				MTL_ENABLE_DEBUG_INFO = INCLUDE_SOURCE;
				MTL_FAST_MATH = YES;
				ONLY_ACTIVE_ARCH = YES;
				SDKROOT = iphoneos;
				SWIFT_ACTIVE_COMPILATION_CONDITIONS = DEBUG;
				SWIFT_OPTIMIZATION_LEVEL = "-Onone";
			};
			name = Debug;
		};
		9BD2B4A025692F6800C4106D /* Release */ = {
			isa = XCBuildConfiguration;
			buildSettings = {
				ALWAYS_SEARCH_USER_PATHS = NO;
				CLANG_ANALYZER_NONNULL = YES;
				CLANG_ANALYZER_NUMBER_OBJECT_CONVERSION = YES_AGGRESSIVE;
				CLANG_CXX_LANGUAGE_STANDARD = "gnu++14";
				CLANG_CXX_LIBRARY = "libc++";
				CLANG_ENABLE_MODULES = YES;
				CLANG_ENABLE_OBJC_ARC = YES;
				CLANG_ENABLE_OBJC_WEAK = YES;
				CLANG_WARN_BLOCK_CAPTURE_AUTORELEASING = YES;
				CLANG_WARN_BOOL_CONVERSION = YES;
				CLANG_WARN_COMMA = YES;
				CLANG_WARN_CONSTANT_CONVERSION = YES;
				CLANG_WARN_DEPRECATED_OBJC_IMPLEMENTATIONS = YES;
				CLANG_WARN_DIRECT_OBJC_ISA_USAGE = YES_ERROR;
				CLANG_WARN_DOCUMENTATION_COMMENTS = YES;
				CLANG_WARN_EMPTY_BODY = YES;
				CLANG_WARN_ENUM_CONVERSION = YES;
				CLANG_WARN_INFINITE_RECURSION = YES;
				CLANG_WARN_INT_CONVERSION = YES;
				CLANG_WARN_NON_LITERAL_NULL_CONVERSION = YES;
				CLANG_WARN_OBJC_IMPLICIT_RETAIN_SELF = YES;
				CLANG_WARN_OBJC_LITERAL_CONVERSION = YES;
				CLANG_WARN_OBJC_ROOT_CLASS = YES_ERROR;
				CLANG_WARN_QUOTED_INCLUDE_IN_FRAMEWORK_HEADER = YES;
				CLANG_WARN_RANGE_LOOP_ANALYSIS = YES;
				CLANG_WARN_STRICT_PROTOTYPES = YES;
				CLANG_WARN_SUSPICIOUS_MOVE = YES;
				CLANG_WARN_UNGUARDED_AVAILABILITY = YES_AGGRESSIVE;
				CLANG_WARN_UNREACHABLE_CODE = YES;
				CLANG_WARN__DUPLICATE_METHOD_MATCH = YES;
				COPY_PHASE_STRIP = NO;
				DEBUG_INFORMATION_FORMAT = "dwarf-with-dsym";
				ENABLE_NS_ASSERTIONS = NO;
				ENABLE_STRICT_OBJC_MSGSEND = YES;
				GCC_C_LANGUAGE_STANDARD = gnu11;
				GCC_NO_COMMON_BLOCKS = YES;
				GCC_WARN_64_TO_32_BIT_CONVERSION = YES;
				GCC_WARN_ABOUT_RETURN_TYPE = YES_ERROR;
				GCC_WARN_UNDECLARED_SELECTOR = YES;
				GCC_WARN_UNINITIALIZED_AUTOS = YES_AGGRESSIVE;
				GCC_WARN_UNUSED_FUNCTION = YES;
				GCC_WARN_UNUSED_VARIABLE = YES;
				IPHONEOS_DEPLOYMENT_TARGET = 14.2;
				MTL_ENABLE_DEBUG_INFO = NO;
				MTL_FAST_MATH = YES;
				SDKROOT = iphoneos;
				SWIFT_COMPILATION_MODE = wholemodule;
				SWIFT_OPTIMIZATION_LEVEL = "-O";
				VALIDATE_PRODUCT = YES;
			};
			name = Release;
		};
		9BD2B4A225692F6800C4106D /* Debug */ = {
			isa = XCBuildConfiguration;
			baseConfigurationReference = 70C8455682FABF1B11F2F60E /* Pods-nalul_iOS.debug.xcconfig */;
			buildSettings = {
				ASSETCATALOG_COMPILER_APPICON_NAME = AppIcon;
				ASSETCATALOG_COMPILER_GLOBAL_ACCENT_COLOR_NAME = AccentColor;
				CODE_SIGN_STYLE = Automatic;
				DEVELOPMENT_TEAM = G7SD8523Y3;
				INFOPLIST_FILE = "nalul_iOS/Surpporting File/Info.plist";
				LD_RUNPATH_SEARCH_PATHS = (
					"$(inherited)",
					"@executable_path/Frameworks",
				);
				PRODUCT_BUNDLE_IDENTIFIER = "org.ios.sopt.nalul-iOS";
				PRODUCT_NAME = "$(TARGET_NAME)";
				SWIFT_VERSION = 5.0;
				TARGETED_DEVICE_FAMILY = "1,2";
			};
			name = Debug;
		};
		9BD2B4A325692F6800C4106D /* Release */ = {
			isa = XCBuildConfiguration;
			baseConfigurationReference = 1DD38D531E1EC0F4410568AC /* Pods-nalul_iOS.release.xcconfig */;
			buildSettings = {
				ASSETCATALOG_COMPILER_APPICON_NAME = AppIcon;
				ASSETCATALOG_COMPILER_GLOBAL_ACCENT_COLOR_NAME = AccentColor;
				CODE_SIGN_STYLE = Automatic;
				DEVELOPMENT_TEAM = G7SD8523Y3;
				INFOPLIST_FILE = "nalul_iOS/Surpporting File/Info.plist";
				LD_RUNPATH_SEARCH_PATHS = (
					"$(inherited)",
					"@executable_path/Frameworks",
				);
				PRODUCT_BUNDLE_IDENTIFIER = "org.ios.sopt.nalul-iOS";
				PRODUCT_NAME = "$(TARGET_NAME)";
				SWIFT_VERSION = 5.0;
				TARGETED_DEVICE_FAMILY = "1,2";
			};
			name = Release;
		};
/* End XCBuildConfiguration section */

/* Begin XCConfigurationList section */
		9BD2B48825692F6500C4106D /* Build configuration list for PBXProject "nalul_iOS" */ = {
			isa = XCConfigurationList;
			buildConfigurations = (
				9BD2B49F25692F6800C4106D /* Debug */,
				9BD2B4A025692F6800C4106D /* Release */,
			);
			defaultConfigurationIsVisible = 0;
			defaultConfigurationName = Release;
		};
		9BD2B4A125692F6800C4106D /* Build configuration list for PBXNativeTarget "nalul_iOS" */ = {
			isa = XCConfigurationList;
			buildConfigurations = (
				9BD2B4A225692F6800C4106D /* Debug */,
				9BD2B4A325692F6800C4106D /* Release */,
			);
			defaultConfigurationIsVisible = 0;
			defaultConfigurationName = Release;
		};
/* End XCConfigurationList section */
	};
	rootObject = 9BD2B48525692F6500C4106D /* Project object */;
}
