PODS:
  - Alamofire (5.2.2)
  - Kingfisher (6.0.1)

DEPENDENCIES:
  - Alamofire (~> 5.2.2)
  - Kingfisher

SPEC REPOS:
  trunk:
    - Alamofire
    - Kingfisher

SPEC CHECKSUMS:
  Alamofire: 814429acc853c6c54ff123fc3d2ef66803823ce0
  Kingfisher: adde87a4f74f6a3845395769354efff593581740

PODFILE CHECKSUM: 53be99c430357b8b2dea489a840c5a646ca4fe03

COCOAPODS: 1.10.1
